
Microsoft Visual Studio Solution File, Format Version 12.00
# Visual Studio Version 17
VisualStudioVersion = 17.0.31903.59
MinimumVisualStudioVersion = 10.0.40219.1
Project("{2150E333-8FDC-42A3-9474-1A3956D46DE8}") = "Solution Items", "Solution Items", "{1573F408-9E4A-424E-9680-855DF6CCE0C1}"
	ProjectSection(SolutionItems) = preProject
		..\_secrets\netConf2022\secrets.json = ..\_secrets\netConf2022\secrets.json
	EndProjectSection
EndProject
Project("{9A19103F-16F7-4668-BE54-9A1E7A4F7556}") = "NicolaParo.NetConf2022.NotificationSender.Services", "NicolaParo.NetConf2022.NotificationSender.Services\NicolaParo.NetConf2022.NotificationSender.Services.csproj", "{4D0584C2-1D06-44C1-ABC7-25D1FC2FED74}"
EndProject
Project("{9A19103F-16F7-4668-BE54-9A1E7A4F7556}") = "NicolaParo.NetConf2022.NotificationSender.Models", "NicolaParo.NetConf2022.NotificationSender.Models\NicolaParo.NetConf2022.NotificationSender.Models.csproj", "{66D0C745-C0E7-41EE-9952-422A821DE4DD}"
EndProject
Project("{9A19103F-16F7-4668-BE54-9A1E7A4F7556}") = "NicolaParo.NetConf2022.NotificationSender.Api", "NicolaParo.NetConf2022.NotificationSender.Api\NicolaParo.NetConf2022.NotificationSender.Api.csproj", "{068A4E0E-66D6-4C43-AA4D-76616D86D412}"
EndProject
Project("{9A19103F-16F7-4668-BE54-9A1E7A4F7556}") = "NicolaParo.NetConf2022.NotificationSender.DataInitializer", "NicolaParo.NetConf2022.NotificationSender.DataInitializer\NicolaParo.NetConf2022.NotificationSender.DataInitializer.csproj", "{B2EC23AA-93FD-4F21-A387-1D613CF7796C}"
EndProject
Project("{9A19103F-16F7-4668-BE54-9A1E7A4F7556}") = "NicolaParo.NetConf2022.NotificationSender.Configuration", "NicolaParo.NetConf2022.NotificationSender.Configuration\NicolaParo.NetConf2022.NotificationSender.Configuration.csproj", "{BAC2881D-F9BE-4047-866F-C1EC053223CB}"
EndProject
Project("{FAE04EC0-301F-11D3-BF4B-00C04F79EFBC}") = "NicolaParo.NetConf2022.NotificationSender.App", "NicolaParo.NetConf2022.NotificationSender.App\NicolaParo.NetConf2022.NotificationSender.App.csproj", "{17018C94-A9E8-419A-A091-541ACFB25966}"
EndProject
Global
	GlobalSection(SolutionConfigurationPlatforms) = preSolution
		Debug|Any CPU = Debug|Any CPU
		Release|Any CPU = Release|Any CPU
	EndGlobalSection
	GlobalSection(ProjectConfigurationPlatforms) = postSolution
		{4D0584C2-1D06-44C1-ABC7-25D1FC2FED74}.Debug|Any CPU.ActiveCfg = Debug|Any CPU
		{4D0584C2-1D06-44C1-ABC7-25D1FC2FED74}.Debug|Any CPU.Build.0 = Debug|Any CPU
		{4D0584C2-1D06-44C1-ABC7-25D1FC2FED74}.Release|Any CPU.ActiveCfg = Release|Any CPU
		{4D0584C2-1D06-44C1-ABC7-25D1FC2FED74}.Release|Any CPU.Build.0 = Release|Any CPU
		{66D0C745-C0E7-41EE-9952-422A821DE4DD}.Debug|Any CPU.ActiveCfg = Debug|Any CPU
		{66D0C745-C0E7-41EE-9952-422A821DE4DD}.Debug|Any CPU.Build.0 = Debug|Any CPU
		{66D0C745-C0E7-41EE-9952-422A821DE4DD}.Release|Any CPU.ActiveCfg = Release|Any CPU
		{66D0C745-C0E7-41EE-9952-422A821DE4DD}.Release|Any CPU.Build.0 = Release|Any CPU
		{068A4E0E-66D6-4C43-AA4D-76616D86D412}.Debug|Any CPU.ActiveCfg = Debug|Any CPU
		{068A4E0E-66D6-4C43-AA4D-76616D86D412}.Debug|Any CPU.Build.0 = Debug|Any CPU
		{068A4E0E-66D6-4C43-AA4D-76616D86D412}.Release|Any CPU.ActiveCfg = Release|Any CPU
		{068A4E0E-66D6-4C43-AA4D-76616D86D412}.Release|Any CPU.Build.0 = Release|Any CPU
		{B2EC23AA-93FD-4F21-A387-1D613CF7796C}.Debug|Any CPU.ActiveCfg = Debug|Any CPU
		{B2EC23AA-93FD-4F21-A387-1D613CF7796C}.Debug|Any CPU.Build.0 = Debug|Any CPU
		{B2EC23AA-93FD-4F21-A387-1D613CF7796C}.Release|Any CPU.ActiveCfg = Release|Any CPU
		{B2EC23AA-93FD-4F21-A387-1D613CF7796C}.Release|Any CPU.Build.0 = Release|Any CPU
		{BAC2881D-F9BE-4047-866F-C1EC053223CB}.Debug|Any CPU.ActiveCfg = Debug|Any CPU
		{BAC2881D-F9BE-4047-866F-C1EC053223CB}.Debug|Any CPU.Build.0 = Debug|Any CPU
		{BAC2881D-F9BE-4047-866F-C1EC053223CB}.Release|Any CPU.ActiveCfg = Release|Any CPU
		{BAC2881D-F9BE-4047-866F-C1EC053223CB}.Release|Any CPU.Build.0 = Release|Any CPU
		{17018C94-A9E8-419A-A091-541ACFB25966}.Debug|Any CPU.ActiveCfg = Debug|Any CPU
		{17018C94-A9E8-419A-A091-541ACFB25966}.Debug|Any CPU.Build.0 = Debug|Any CPU
		{17018C94-A9E8-419A-A091-541ACFB25966}.Release|Any CPU.ActiveCfg = Release|Any CPU
		{17018C94-A9E8-419A-A091-541ACFB25966}.Release|Any CPU.Build.0 = Release|Any CPU
	EndGlobalSection
	GlobalSection(SolutionProperties) = preSolution
		HideSolutionNode = FALSE
	EndGlobalSection
	GlobalSection(ExtensibilityGlobals) = postSolution
		SolutionGuid = {F6AD27F5-3E25-4E18-AFF2-24B081435F29}
	EndGlobalSection
EndGlobal
